
Microsoft Visual Studio Solution File, Format Version 12.00
# Visual Studio Version 17
VisualStudioVersion = 17.7.34003.232
MinimumVisualStudioVersion = 10.0.40219.1
Project("{9A19103F-16F7-4668-BE54-9A1E7A4F7556}") = "BookStore", "BookStore\BookStore.csproj", "{74256506-25BD-48D9-8294-59A736F6CD0F}"
EndProject
Project("{9A19103F-16F7-4668-BE54-9A1E7A4F7556}") = "BookStore.Domain", "BookStore.Domain\BookStore.Domain.csproj", "{C5BF3A42-609A-423C-A63E-A15C9EFCC4E8}"
EndProject
Project("{9A19103F-16F7-4668-BE54-9A1E7A4F7556}") = "BookStore.Data", "BookStore.Data\BookStore.Data.csproj", "{27D53A06-2768-4134-982A-77FAC3A3DC71}"
EndProject
Project("{FAE04EC0-301F-11D3-BF4B-00C04F79EFBC}") = "BookStore.Service", "BookStore.Service\BookStore.Service.csproj", "{42FD7285-9782-4C82-97A8-E94802EF068F}"
EndProject
Global
	GlobalSection(SolutionConfigurationPlatforms) = preSolution
		Debug|Any CPU = Debug|Any CPU
		Release|Any CPU = Release|Any CPU
	EndGlobalSection
	GlobalSection(ProjectConfigurationPlatforms) = postSolution
		{74256506-25BD-48D9-8294-59A736F6CD0F}.Debug|Any CPU.ActiveCfg = Debug|Any CPU
		{74256506-25BD-48D9-8294-59A736F6CD0F}.Debug|Any CPU.Build.0 = Debug|Any CPU
		{74256506-25BD-48D9-8294-59A736F6CD0F}.Release|Any CPU.ActiveCfg = Release|Any CPU
		{74256506-25BD-48D9-8294-59A736F6CD0F}.Release|Any CPU.Build.0 = Release|Any CPU
		{C5BF3A42-609A-423C-A63E-A15C9EFCC4E8}.Debug|Any CPU.ActiveCfg = Debug|Any CPU
		{C5BF3A42-609A-423C-A63E-A15C9EFCC4E8}.Debug|Any CPU.Build.0 = Debug|Any CPU
		{C5BF3A42-609A-423C-A63E-A15C9EFCC4E8}.Release|Any CPU.ActiveCfg = Release|Any CPU
		{C5BF3A42-609A-423C-A63E-A15C9EFCC4E8}.Release|Any CPU.Build.0 = Release|Any CPU
		{27D53A06-2768-4134-982A-77FAC3A3DC71}.Debug|Any CPU.ActiveCfg = Debug|Any CPU
		{27D53A06-2768-4134-982A-77FAC3A3DC71}.Debug|Any CPU.Build.0 = Debug|Any CPU
		{27D53A06-2768-4134-982A-77FAC3A3DC71}.Release|Any CPU.ActiveCfg = Release|Any CPU
		{27D53A06-2768-4134-982A-77FAC3A3DC71}.Release|Any CPU.Build.0 = Release|Any CPU
		{42FD7285-9782-4C82-97A8-E94802EF068F}.Debug|Any CPU.ActiveCfg = Debug|Any CPU
		{42FD7285-9782-4C82-97A8-E94802EF068F}.Debug|Any CPU.Build.0 = Debug|Any CPU
		{42FD7285-9782-4C82-97A8-E94802EF068F}.Release|Any CPU.ActiveCfg = Release|Any CPU
		{42FD7285-9782-4C82-97A8-E94802EF068F}.Release|Any CPU.Build.0 = Release|Any CPU
	EndGlobalSection
	GlobalSection(SolutionProperties) = preSolution
		HideSolutionNode = FALSE
	EndGlobalSection
	GlobalSection(ExtensibilityGlobals) = postSolution
		SolutionGuid = {CFBE8B8C-ABE8-4B82-BCF7-E08F6BF84BD0}
	EndGlobalSection
EndGlobal
